[[package]]
category = "dev"
description = "Atomic file writes."
marker = "sys_platform == \"win32\""
name = "atomicwrites"
optional = false
python-versions = ">=2.7, !=3.0.*, !=3.1.*, !=3.2.*, !=3.3.*"
version = "1.4.0"

[[package]]
category = "dev"
description = "Classes Without Boilerplate"
name = "attrs"
optional = false
python-versions = ">=2.7, !=3.0.*, !=3.1.*, !=3.2.*, !=3.3.*"
version = "20.3.0"

[package.extras]
dev = ["coverage (>=5.0.2)", "hypothesis", "pympler", "pytest (>=4.3.0)", "six", "zope.interface", "furo", "sphinx", "pre-commit"]
docs = ["furo", "sphinx", "zope.interface"]
tests = ["coverage (>=5.0.2)", "hypothesis", "pympler", "pytest (>=4.3.0)", "six", "zope.interface"]
tests_no_zope = ["coverage (>=5.0.2)", "hypothesis", "pympler", "pytest (>=4.3.0)", "six"]

[[package]]
category = "main"
description = "The AWS SDK for Python"
name = "boto3"
optional = false
python-versions = ">= 2.7, !=3.0.*, !=3.1.*, !=3.2.*, !=3.3.*, !=3.4.*, !=3.5.*"
version = "1.17.2"

[package.dependencies]
botocore = ">=1.20.2,<1.21.0"
jmespath = ">=0.7.1,<1.0.0"
s3transfer = ">=0.3.0,<0.4.0"

[[package]]
category = "main"
description = "Low-level, data-driven core of boto 3."
name = "botocore"
optional = false
python-versions = ">= 2.7, !=3.0.*, !=3.1.*, !=3.2.*, !=3.3.*, !=3.4.*, !=3.5.*"
version = "1.20.2"

[package.dependencies]
jmespath = ">=0.7.1,<1.0.0"
python-dateutil = ">=2.1,<3.0.0"
urllib3 = ">=1.25.4,<1.27"

[[package]]
category = "dev"
description = "A dot-accessible dictionary (a la JavaScript objects)"
name = "bunch"
optional = false
python-versions = "*"
version = "1.0.1"

[[package]]
category = "main"
description = "Foreign Function Interface for Python calling C code."
name = "cffi"
optional = false
python-versions = "*"
version = "1.14.4"

[package.dependencies]
pycparser = "*"

[[package]]
category = "dev"
description = "Cross-platform colored terminal text."
marker = "sys_platform == \"win32\""
name = "colorama"
optional = false
python-versions = ">=2.7, !=3.0.*, !=3.1.*, !=3.2.*, !=3.3.*, !=3.4.*"
version = "0.4.4"

[[package]]
category = "main"
description = "cryptography is a package which provides cryptographic recipes and primitives to Python developers."
name = "cryptography"
optional = false
python-versions = ">=2.7,!=3.0.*,!=3.1.*,!=3.2.*,!=3.3.*,!=3.4.*,!=3.5.*"
version = "3.3.1"

[package.dependencies]
cffi = ">=1.12"
six = ">=1.4.1"

[package.extras]
docs = ["sphinx (>=1.6.5,<1.8.0 || >1.8.0,<3.1.0 || >3.1.0,<3.1.1 || >3.1.1)", "sphinx-rtd-theme"]
docstest = ["doc8", "pyenchant (>=1.6.11)", "twine (>=1.12.0)", "sphinxcontrib-spelling (>=4.0.1)"]
pep8test = ["black", "flake8", "flake8-import-order", "pep8-naming"]
ssh = ["bcrypt (>=3.1.5)"]
test = ["pytest (>=3.6.0,<3.9.0 || >3.9.0,<3.9.1 || >3.9.1,<3.9.2 || >3.9.2)", "pretend", "iso8601", "pytz", "hypothesis (>=1.11.4,<3.79.2 || >3.79.2)"]

[[package]]
category = "main"
description = "A fancy and practical functional tools"
name = "funcy"
optional = false
python-versions = "*"
version = "1.15"

[[package]]
category = "dev"
description = "Read metadata from Python packages"
marker = "python_version < \"3.8\""
name = "importlib-metadata"
optional = false
python-versions = ">=3.6"
version = "3.4.0"

[package.dependencies]
zipp = ">=0.5"

[package.dependencies.typing-extensions]
python = "<3.8"
version = ">=3.6.4"

[package.extras]
docs = ["sphinx", "jaraco.packaging (>=8.2)", "rst.linker (>=1.9)"]
testing = ["pytest (>=3.5,<3.7.3 || >3.7.3)", "pytest-checkdocs (>=1.2.3)", "pytest-flake8", "pytest-cov", "pytest-enabler", "packaging", "pep517", "pyfakefs", "flufl.flake8", "pytest-black (>=0.3.7)", "pytest-mypy", "importlib-resources (>=1.3)"]

[[package]]
category = "main"
description = "JSON Matching Expressions"
name = "jmespath"
optional = false
python-versions = ">=2.6, !=3.0.*, !=3.1.*, !=3.2.*"
version = "0.10.0"

[[package]]
category = "main"
description = "A lightweight library for converting complex datatypes to and from native Python datatypes."
name = "marshmallow"
optional = false
python-versions = ">=3.5"
version = "3.10.0"

[package.extras]
dev = ["pytest", "pytz", "simplejson", "mypy (0.790)", "flake8 (3.8.4)", "flake8-bugbear (20.11.1)", "pre-commit (>=2.4,<3.0)", "tox"]
docs = ["sphinx (3.3.1)", "sphinx-issues (1.2.0)", "alabaster (0.7.12)", "sphinx-version-warning (1.1.2)", "autodocsumm (0.2.2)"]
lint = ["mypy (0.790)", "flake8 (3.8.4)", "flake8-bugbear (20.11.1)", "pre-commit (>=2.4,<3.0)"]
tests = ["pytest", "pytz", "simplejson"]

[[package]]
category = "main"
description = "singledispatch decorator for class methods."
name = "methoddispatch"
optional = false
python-versions = "*"
version = "3.0.2"

[[package]]
category = "dev"
description = "More routines for operating on iterables, beyond itertools"
name = "more-itertools"
optional = false
python-versions = ">=3.5"
version = "8.6.0"

[[package]]
category = "dev"
description = "Core utilities for Python packages"
name = "packaging"
optional = false
python-versions = ">=2.7, !=3.0.*, !=3.1.*, !=3.2.*, !=3.3.*"
version = "20.9"

[package.dependencies]
pyparsing = ">=2.0.2"

[[package]]
category = "main"
description = "Pika Python AMQP Client Library"
name = "pika"
optional = false
python-versions = "*"
version = "1.2.0"

[package.extras]
gevent = ["gevent"]
tornado = ["tornado"]
twisted = ["twisted"]

[[package]]
category = "dev"
description = "plugin and hook calling mechanisms for python"
name = "pluggy"
optional = false
python-versions = ">=2.7, !=3.0.*, !=3.1.*, !=3.2.*, !=3.3.*"
version = "0.13.1"

[package.dependencies]
[package.dependencies.importlib-metadata]
python = "<3.8"
version = ">=0.12"

[package.extras]
dev = ["pre-commit", "tox"]

[[package]]
category = "dev"
description = "library with cross-python path, ini-parsing, io, code, log facilities"
name = "py"
optional = false
python-versions = ">=2.7, !=3.0.*, !=3.1.*, !=3.2.*, !=3.3.*"
version = "1.10.0"

[[package]]
category = "main"
description = "C parser in Python"
name = "pycparser"
optional = false
python-versions = ">=2.7, !=3.0.*, !=3.1.*, !=3.2.*, !=3.3.*"
version = "2.20"

[[package]]
category = "main"
description = "Cryptographic modules for Python."
name = "pycrypto"
optional = false
python-versions = "*"
version = "2.6.1"

[[package]]
category = "dev"
description = "Hamcrest framework for matcher objects"
name = "pyhamcrest"
optional = false
python-versions = ">=3.5"
version = "2.0.2"

[[package]]
category = "main"
description = "Python wrapper module around the OpenSSL library"
name = "pyopenssl"
optional = false
python-versions = "*"
version = "19.1.0"

[package.dependencies]
cryptography = ">=2.8"
six = ">=1.5.2"

[package.extras]
docs = ["sphinx", "sphinx-rtd-theme"]
test = ["flaky", "pretend", "pytest (>=3.0.1)"]

[[package]]
category = "dev"
description = "Python parsing module"
name = "pyparsing"
optional = false
python-versions = ">=2.6, !=3.0.*, !=3.1.*, !=3.2.*"
version = "2.4.7"

[[package]]
category = "dev"
description = "pytest: simple powerful testing with Python"
name = "pytest"
optional = false
python-versions = ">=3.5"
version = "5.4.3"

[package.dependencies]
atomicwrites = ">=1.0"
attrs = ">=17.4.0"
colorama = "*"
more-itertools = ">=4.0.0"
packaging = "*"
pluggy = ">=0.12,<1.0"
py = ">=1.5.0"
wcwidth = "*"

[package.dependencies.importlib-metadata]
python = "<3.8"
version = ">=0.12"

[package.extras]
checkqa-mypy = ["mypy (v0.761)"]
testing = ["argcomplete", "hypothesis (>=3.56)", "mock", "nose", "requests", "xmlschema"]

[[package]]
category = "dev"
description = "pytest plugin for test data directories and files"
name = "pytest-datadir"
optional = false
python-versions = ">=2.7, !=3.0.*, !=3.1.*, !=3.2.*, !=3.3.*"
version = "1.3.1"

[package.dependencies]
pytest = ">=2.7.0"

[[package]]
category = "dev"
description = ""
name = "pytest-tools"
optional = false
python-versions = "^3.7.0"
version = "0.0.1"

[package.dependencies]
funcy = "^1.14"
pyhamcrest = "^2.0.2"
pytest-datadir = "^1.3.1"

[package.source]
reference = "a76b4087203611775b133be655d5b483229f8579"
type = "git"
url = "https://github.com/Rydra/pytest-tools"

[[package]]
category = "main"
description = "Extensions to the standard Python datetime module"
name = "python-dateutil"
optional = false
python-versions = "!=3.0.*,!=3.1.*,!=3.2.*,>=2.7"
version = "2.8.1"

[package.dependencies]
six = ">=1.5"

[[package]]
category = "main"
description = "Lock context manager implemented via redis SETNX/BLPOP."
name = "python-redis-lock"
optional = false
python-versions = ">=2.7, !=3.0.*, !=3.1.*, !=3.2.*, !=3.3.*, !=3.4.*"
version = "3.7.0"

[package.dependencies]
redis = ">=2.10.0"

[package.extras]
django = ["django-redis (>=3.8.0)"]

[[package]]
category = "main"
description = "World timezone definitions, modern and historical"
name = "pytz"
optional = false
python-versions = "*"
version = "2019.3"

[[package]]
category = "main"
description = "Python client for Redis key-value store"
name = "redis"
optional = false
python-versions = ">=2.7, !=3.0.*, !=3.1.*, !=3.2.*, !=3.3.*, !=3.4.*"
version = "3.5.3"

[package.extras]
hiredis = ["hiredis (>=0.1.3)"]

[[package]]
category = "main"
description = "A data caching implemention based on Redis and redis_structures."
name = "redis-cache"
optional = false
python-versions = "*"
version = "0.1.5"

[package.dependencies]
python-redis-lock = "*"
redis_structures = "*"
vital-tools = "*"

[[package]]
category = "main"
description = "redis-simple-cache is a pythonic interface for creating a cache over redis. It provides simple decorators that can be added to any function to cache its return values."
name = "redis-simple-cache-py3"
optional = false
python-versions = ">=3.6"
version = "0.0.7"

[package.dependencies]
redis = ">=3.3.11,<4.0.0"
redis_cache = ">=0.1.5,<0.2.0"

[[package]]
category = "main"
description = "Redis data structures wrapped with Python 3."
name = "redis-structures"
optional = false
python-versions = "*"
version = "0.1.7"

[package.dependencies]
redis = "*"

[[package]]
category = "main"
description = "An Amazon S3 Transfer Manager"
name = "s3transfer"
optional = false
python-versions = "*"
version = "0.3.4"

[package.dependencies]
botocore = ">=1.12.36,<2.0a.0"

[[package]]
category = "main"
description = ""
name = "singleton-py3"
optional = false
python-versions = ">=3.6"
version = "0.2.1"

[[package]]
category = "main"
description = "Python 2 and 3 compatibility utilities"
name = "six"
optional = false
python-versions = ">=2.7, !=3.0.*, !=3.1.*, !=3.2.*"
version = "1.15.0"

[[package]]
category = "dev"
description = "Backported and Experimental Type Hints for Python 3.5+"
marker = "python_version < \"3.8\""
name = "typing-extensions"
optional = false
python-versions = "*"
version = "3.7.4.3"

[[package]]
category = "main"
description = "HTTP library with thread-safe connection pooling, file post, and more."
name = "urllib3"
optional = false
python-versions = ">=2.7, !=3.0.*, !=3.1.*, !=3.2.*, !=3.3.*, !=3.4.*, <4"
version = "1.26.3"

[package.extras]
brotli = ["brotlipy (>=0.6.0)"]
secure = ["pyOpenSSL (>=0.14)", "cryptography (>=1.3.4)", "idna (>=2.0.0)", "certifi", "ipaddress"]
socks = ["PySocks (>=1.5.6,<1.5.7 || >1.5.7,<2.0)"]

[[package]]
category = "main"
description = "Vital tools for writing Python 3.4+ packages."
name = "vital-tools"
optional = false
python-versions = "*"
version = "0.1.13"

[package.dependencies]
pycrypto = "*"

[[package]]
category = "dev"
description = "Measures the displayed width of unicode strings in a terminal"
name = "wcwidth"
optional = false
python-versions = "*"
version = "0.2.5"

[[package]]
category = "dev"
description = "Backport of pathlib-compatible object wrapper for zip files"
marker = "python_version < \"3.8\""
name = "zipp"
optional = false
python-versions = ">=3.6"
version = "3.4.0"

[package.extras]
docs = ["sphinx", "jaraco.packaging (>=3.2)", "rst.linker (>=1.9)"]
testing = ["pytest (>=3.5,<3.7.3 || >3.7.3)", "pytest-checkdocs (>=1.2.3)", "pytest-flake8", "pytest-cov", "jaraco.test (>=3.2.0)", "jaraco.itertools", "func-timeout", "pytest-black (>=0.3.7)", "pytest-mypy"]

[metadata]
content-hash = "a8c180615063c5a01d70ffab0021aac0e3c03e40bd68253b47a304d2a70faeac"
python-versions = "^3.7.0"

[metadata.files]
atomicwrites = [
    {file = "atomicwrites-1.4.0-py2.py3-none-any.whl", hash = "sha256:6d1784dea7c0c8d4a5172b6c620f40b6e4cbfdf96d783691f2e1302a7b88e197"},
    {file = "atomicwrites-1.4.0.tar.gz", hash = "sha256:ae70396ad1a434f9c7046fd2dd196fc04b12f9e91ffb859164193be8b6168a7a"},
]
attrs = [
    {file = "attrs-20.3.0-py2.py3-none-any.whl", hash = "sha256:31b2eced602aa8423c2aea9c76a724617ed67cf9513173fd3a4f03e3a929c7e6"},
    {file = "attrs-20.3.0.tar.gz", hash = "sha256:832aa3cde19744e49938b91fea06d69ecb9e649c93ba974535d08ad92164f700"},
]
boto3 = [
    {file = "boto3-1.17.2-py2.py3-none-any.whl", hash = "sha256:6a7f9e2fb631d39bd089cb7e83b4a8ce5e572bdc6545ac51b761bd9ea2ad80c6"},
    {file = "boto3-1.17.2.tar.gz", hash = "sha256:1a282c1cd7d5028cbb3a75d747df32162295253f55d263ac85840e264830963b"},
]
botocore = [
    {file = "botocore-1.20.2-py2.py3-none-any.whl", hash = "sha256:7442fdbbdc841bfac7f94f92ecb807de070e32ed205743eb72d4ea27c5e8e778"},
    {file = "botocore-1.20.2.tar.gz", hash = "sha256:bf587b044983a91a0124cc133ff167b8528c19fbbc8f0b956d9a1ac256cad7d7"},
]
bunch = [
    {file = "bunch-1.0.1.tar.gz", hash = "sha256:50c77a0fc0cb372dfe48b5e11937d5f70e743adbf42683f3a6d2857645a76aaa"},
    {file = "bunch-1.0.1.zip", hash = "sha256:3c554816ba260634b55c1edf8de6467d8122dbd18ec20f323e181869bc48ac93"},
]
cffi = [
    {file = "cffi-1.14.4-cp27-cp27m-macosx_10_9_x86_64.whl", hash = "sha256:ebb253464a5d0482b191274f1c8bf00e33f7e0b9c66405fbffc61ed2c839c775"},
    {file = "cffi-1.14.4-cp27-cp27m-manylinux1_i686.whl", hash = "sha256:2c24d61263f511551f740d1a065eb0212db1dbbbbd241db758f5244281590c06"},
    {file = "cffi-1.14.4-cp27-cp27m-manylinux1_x86_64.whl", hash = "sha256:9f7a31251289b2ab6d4012f6e83e58bc3b96bd151f5b5262467f4bb6b34a7c26"},
    {file = "cffi-1.14.4-cp27-cp27m-win32.whl", hash = "sha256:5cf4be6c304ad0b6602f5c4e90e2f59b47653ac1ed9c662ed379fe48a8f26b0c"},
    {file = "cffi-1.14.4-cp27-cp27m-win_amd64.whl", hash = "sha256:f60567825f791c6f8a592f3c6e3bd93dd2934e3f9dac189308426bd76b00ef3b"},
    {file = "cffi-1.14.4-cp27-cp27mu-manylinux1_i686.whl", hash = "sha256:c6332685306b6417a91b1ff9fae889b3ba65c2292d64bd9245c093b1b284809d"},
    {file = "cffi-1.14.4-cp27-cp27mu-manylinux1_x86_64.whl", hash = "sha256:d9efd8b7a3ef378dd61a1e77367f1924375befc2eba06168b6ebfa903a5e59ca"},
    {file = "cffi-1.14.4-cp35-cp35m-macosx_10_9_x86_64.whl", hash = "sha256:51a8b381b16ddd370178a65360ebe15fbc1c71cf6f584613a7ea08bfad946698"},
    {file = "cffi-1.14.4-cp35-cp35m-manylinux1_i686.whl", hash = "sha256:1d2c4994f515e5b485fd6d3a73d05526aa0fcf248eb135996b088d25dfa1865b"},
    {file = "cffi-1.14.4-cp35-cp35m-manylinux1_x86_64.whl", hash = "sha256:af5c59122a011049aad5dd87424b8e65a80e4a6477419c0c1015f73fb5ea0293"},
    {file = "cffi-1.14.4-cp35-cp35m-win32.whl", hash = "sha256:594234691ac0e9b770aee9fcdb8fa02c22e43e5c619456efd0d6c2bf276f3eb2"},
    {file = "cffi-1.14.4-cp35-cp35m-win_amd64.whl", hash = "sha256:64081b3f8f6f3c3de6191ec89d7dc6c86a8a43911f7ecb422c60e90c70be41c7"},
    {file = "cffi-1.14.4-cp36-cp36m-macosx_10_9_x86_64.whl", hash = "sha256:f803eaa94c2fcda012c047e62bc7a51b0bdabda1cad7a92a522694ea2d76e49f"},
    {file = "cffi-1.14.4-cp36-cp36m-manylinux1_i686.whl", hash = "sha256:105abaf8a6075dc96c1fe5ae7aae073f4696f2905fde6aeada4c9d2926752362"},
    {file = "cffi-1.14.4-cp36-cp36m-manylinux1_x86_64.whl", hash = "sha256:0638c3ae1a0edfb77c6765d487fee624d2b1ee1bdfeffc1f0b58c64d149e7eec"},
    {file = "cffi-1.14.4-cp36-cp36m-manylinux2014_aarch64.whl", hash = "sha256:7c6b1dece89874d9541fc974917b631406233ea0440d0bdfbb8e03bf39a49b3b"},
    {file = "cffi-1.14.4-cp36-cp36m-win32.whl", hash = "sha256:155136b51fd733fa94e1c2ea5211dcd4c8879869008fc811648f16541bf99668"},
    {file = "cffi-1.14.4-cp36-cp36m-win_amd64.whl", hash = "sha256:6bc25fc545a6b3d57b5f8618e59fc13d3a3a68431e8ca5fd4c13241cd70d0009"},
    {file = "cffi-1.14.4-cp37-cp37m-macosx_10_9_x86_64.whl", hash = "sha256:a7711edca4dcef1a75257b50a2fbfe92a65187c47dab5a0f1b9b332c5919a3fb"},
    {file = "cffi-1.14.4-cp37-cp37m-manylinux1_i686.whl", hash = "sha256:00e28066507bfc3fe865a31f325c8391a1ac2916219340f87dfad602c3e48e5d"},
    {file = "cffi-1.14.4-cp37-cp37m-manylinux1_x86_64.whl", hash = "sha256:798caa2a2384b1cbe8a2a139d80734c9db54f9cc155c99d7cc92441a23871c03"},
    {file = "cffi-1.14.4-cp37-cp37m-manylinux2014_aarch64.whl", hash = "sha256:a5ed8c05548b54b998b9498753fb9cadbfd92ee88e884641377d8a8b291bcc01"},
    {file = "cffi-1.14.4-cp37-cp37m-win32.whl", hash = "sha256:00a1ba5e2e95684448de9b89888ccd02c98d512064b4cb987d48f4b40aa0421e"},
    {file = "cffi-1.14.4-cp37-cp37m-win_amd64.whl", hash = "sha256:9cc46bc107224ff5b6d04369e7c595acb700c3613ad7bcf2e2012f62ece80c35"},
    {file = "cffi-1.14.4-cp38-cp38-macosx_10_9_x86_64.whl", hash = "sha256:df5169c4396adc04f9b0a05f13c074df878b6052430e03f50e68adf3a57aa28d"},
    {file = "cffi-1.14.4-cp38-cp38-manylinux1_i686.whl", hash = "sha256:9ffb888f19d54a4d4dfd4b3f29bc2c16aa4972f1c2ab9c4ab09b8ab8685b9c2b"},
    {file = "cffi-1.14.4-cp38-cp38-manylinux1_x86_64.whl", hash = "sha256:8d6603078baf4e11edc4168a514c5ce5b3ba6e3e9c374298cb88437957960a53"},
    {file = "cffi-1.14.4-cp38-cp38-manylinux2014_aarch64.whl", hash = "sha256:d5ff0621c88ce83a28a10d2ce719b2ee85635e85c515f12bac99a95306da4b2e"},
    {file = "cffi-1.14.4-cp38-cp38-win32.whl", hash = "sha256:b4e248d1087abf9f4c10f3c398896c87ce82a9856494a7155823eb45a892395d"},
    {file = "cffi-1.14.4-cp38-cp38-win_amd64.whl", hash = "sha256:ec80dc47f54e6e9a78181ce05feb71a0353854cc26999db963695f950b5fb375"},
    {file = "cffi-1.14.4-cp39-cp39-macosx_10_9_x86_64.whl", hash = "sha256:840793c68105fe031f34d6a086eaea153a0cd5c491cde82a74b420edd0a2b909"},
    {file = "cffi-1.14.4-cp39-cp39-manylinux1_i686.whl", hash = "sha256:b18e0a9ef57d2b41f5c68beefa32317d286c3d6ac0484efd10d6e07491bb95dd"},
    {file = "cffi-1.14.4-cp39-cp39-manylinux1_x86_64.whl", hash = "sha256:045d792900a75e8b1e1b0ab6787dd733a8190ffcf80e8c8ceb2fb10a29ff238a"},
    {file = "cffi-1.14.4-cp39-cp39-manylinux2014_aarch64.whl", hash = "sha256:7ef7d4ced6b325e92eb4d3502946c78c5367bc416398d387b39591532536734e"},
    {file = "cffi-1.14.4-cp39-cp39-win32.whl", hash = "sha256:ba4e9e0ae13fc41c6b23299545e5ef73055213e466bd107953e4a013a5ddd7e3"},
    {file = "cffi-1.14.4-cp39-cp39-win_amd64.whl", hash = "sha256:f032b34669220030f905152045dfa27741ce1a6db3324a5bc0b96b6c7420c87b"},
    {file = "cffi-1.14.4.tar.gz", hash = "sha256:1a465cbe98a7fd391d47dce4b8f7e5b921e6cd805ef421d04f5f66ba8f06086c"},
]
colorama = [
    {file = "colorama-0.4.4-py2.py3-none-any.whl", hash = "sha256:9f47eda37229f68eee03b24b9748937c7dc3868f906e8ba69fbcbdd3bc5dc3e2"},
    {file = "colorama-0.4.4.tar.gz", hash = "sha256:5941b2b48a20143d2267e95b1c2a7603ce057ee39fd88e7329b0c292aa16869b"},
]
cryptography = [
    {file = "cryptography-3.3.1-cp27-cp27m-macosx_10_10_x86_64.whl", hash = "sha256:c366df0401d1ec4e548bebe8f91d55ebcc0ec3137900d214dd7aac8427ef3030"},
    {file = "cryptography-3.3.1-cp27-cp27m-manylinux1_x86_64.whl", hash = "sha256:9f6b0492d111b43de5f70052e24c1f0951cb9e6022188ebcb1cc3a3d301469b0"},
    {file = "cryptography-3.3.1-cp27-cp27m-manylinux2010_x86_64.whl", hash = "sha256:a69bd3c68b98298f490e84519b954335154917eaab52cf582fa2c5c7efc6e812"},
    {file = "cryptography-3.3.1-cp27-cp27m-win32.whl", hash = "sha256:84ef7a0c10c24a7773163f917f1cb6b4444597efd505a8aed0a22e8c4780f27e"},
    {file = "cryptography-3.3.1-cp27-cp27m-win_amd64.whl", hash = "sha256:594a1db4511bc4d960571536abe21b4e5c3003e8750ab8365fafce71c5d86901"},
    {file = "cryptography-3.3.1-cp27-cp27mu-manylinux1_x86_64.whl", hash = "sha256:0003a52a123602e1acee177dc90dd201f9bb1e73f24a070db7d36c588e8f5c7d"},
    {file = "cryptography-3.3.1-cp27-cp27mu-manylinux2010_x86_64.whl", hash = "sha256:83d9d2dfec70364a74f4e7c70ad04d3ca2e6a08b703606993407bf46b97868c5"},
    {file = "cryptography-3.3.1-cp36-abi3-macosx_10_10_x86_64.whl", hash = "sha256:dc42f645f8f3a489c3dd416730a514e7a91a59510ddaadc09d04224c098d3302"},
    {file = "cryptography-3.3.1-cp36-abi3-manylinux1_x86_64.whl", hash = "sha256:788a3c9942df5e4371c199d10383f44a105d67d401fb4304178020142f020244"},
    {file = "cryptography-3.3.1-cp36-abi3-manylinux2010_x86_64.whl", hash = "sha256:69e836c9e5ff4373ce6d3ab311c1a2eed274793083858d3cd4c7d12ce20d5f9c"},
    {file = "cryptography-3.3.1-cp36-abi3-manylinux2014_aarch64.whl", hash = "sha256:9e21301f7a1e7c03dbea73e8602905a4ebba641547a462b26dd03451e5769e7c"},
    {file = "cryptography-3.3.1-cp36-abi3-win32.whl", hash = "sha256:b4890d5fb9b7a23e3bf8abf5a8a7da8e228f1e97dc96b30b95685df840b6914a"},
    {file = "cryptography-3.3.1-cp36-abi3-win_amd64.whl", hash = "sha256:0e85aaae861d0485eb5a79d33226dd6248d2a9f133b81532c8f5aae37de10ff7"},
    {file = "cryptography-3.3.1.tar.gz", hash = "sha256:7e177e4bea2de937a584b13645cab32f25e3d96fc0bc4a4cf99c27dc77682be6"},
]
funcy = [
    {file = "funcy-1.15-py2.py3-none-any.whl", hash = "sha256:c247c3d085e03a89974e0c9e8331e9a79db3768a263556ba896d6c92d665bba2"},
    {file = "funcy-1.15.tar.gz", hash = "sha256:65b746fed572b392d886810a98d56939c6e0d545abb750527a717c21ced21008"},
]
importlib-metadata = [
    {file = "importlib_metadata-3.4.0-py3-none-any.whl", hash = "sha256:ace61d5fc652dc280e7b6b4ff732a9c2d40db2c0f92bc6cb74e07b73d53a1771"},
    {file = "importlib_metadata-3.4.0.tar.gz", hash = "sha256:fa5daa4477a7414ae34e95942e4dd07f62adf589143c875c133c1e53c4eff38d"},
]
jmespath = [
    {file = "jmespath-0.10.0-py2.py3-none-any.whl", hash = "sha256:cdf6525904cc597730141d61b36f2e4b8ecc257c420fa2f4549bac2c2d0cb72f"},
    {file = "jmespath-0.10.0.tar.gz", hash = "sha256:b85d0567b8666149a93172712e68920734333c0ce7e89b78b3e987f71e5ed4f9"},
]
marshmallow = [
    {file = "marshmallow-3.10.0-py2.py3-none-any.whl", hash = "sha256:eca81d53aa4aafbc0e20566973d0d2e50ce8bf0ee15165bb799bec0df1e50177"},
    {file = "marshmallow-3.10.0.tar.gz", hash = "sha256:4ab2fdb7f36eb61c3665da67a7ce281c8900db08d72ba6bf0e695828253581f7"},
]
methoddispatch = [
    {file = "methoddispatch-3.0.2-py2.py3-none-any.whl", hash = "sha256:c52523956b425562a4bfa67d34a69ca2b7f7fe4329fdee3881f6520da78d5398"},
    {file = "methoddispatch-3.0.2.tar.gz", hash = "sha256:dc2c5101c5634fd9e9f86449e30515780d8583d1472e70ad826abb28d9ddd1a7"},
]
more-itertools = [
    {file = "more-itertools-8.6.0.tar.gz", hash = "sha256:b3a9005928e5bed54076e6e549c792b306fddfe72b2d1d22dd63d42d5d3899cf"},
    {file = "more_itertools-8.6.0-py3-none-any.whl", hash = "sha256:8e1a2a43b2f2727425f2b5839587ae37093f19153dc26c0927d1048ff6557330"},
]
packaging = [
    {file = "packaging-20.9-py2.py3-none-any.whl", hash = "sha256:67714da7f7bc052e064859c05c595155bd1ee9f69f76557e21f051443c20947a"},
    {file = "packaging-20.9.tar.gz", hash = "sha256:5b327ac1320dc863dca72f4514ecc086f31186744b84a230374cc1fd776feae5"},
]
pika = [
    {file = "pika-1.2.0-py2.py3-none-any.whl", hash = "sha256:59da6701da1aeaf7e5e93bb521cc03129867f6e54b7dd352c4b3ecb2bd7ec624"},
    {file = "pika-1.2.0.tar.gz", hash = "sha256:f023d6ac581086b124190cb3dc81dd581a149d216fa4540ac34f9be1e3970b89"},
]
pluggy = [
    {file = "pluggy-0.13.1-py2.py3-none-any.whl", hash = "sha256:966c145cd83c96502c3c3868f50408687b38434af77734af1e9ca461a4081d2d"},
    {file = "pluggy-0.13.1.tar.gz", hash = "sha256:15b2acde666561e1298d71b523007ed7364de07029219b604cf808bfa1c765b0"},
]
py = [
    {file = "py-1.10.0-py2.py3-none-any.whl", hash = "sha256:3b80836aa6d1feeaa108e046da6423ab8f6ceda6468545ae8d02d9d58d18818a"},
    {file = "py-1.10.0.tar.gz", hash = "sha256:21b81bda15b66ef5e1a777a21c4dcd9c20ad3efd0b3f817e7a809035269e1bd3"},
]
pycparser = [
    {file = "pycparser-2.20-py2.py3-none-any.whl", hash = "sha256:7582ad22678f0fcd81102833f60ef8d0e57288b6b5fb00323d101be910e35705"},
    {file = "pycparser-2.20.tar.gz", hash = "sha256:2d475327684562c3a96cc71adf7dc8c4f0565175cf86b6d7a404ff4c771f15f0"},
]
pycrypto = [
    {file = "pycrypto-2.6.1.tar.gz", hash = "sha256:f2ce1e989b272cfcb677616763e0a2e7ec659effa67a88aa92b3a65528f60a3c"},
]
pyhamcrest = [
    {file = "PyHamcrest-2.0.2-py3-none-any.whl", hash = "sha256:7ead136e03655af85069b6f47b23eb7c3e5c221aa9f022a4fbb499f5b7308f29"},
    {file = "PyHamcrest-2.0.2.tar.gz", hash = "sha256:412e00137858f04bde0729913874a48485665f2d36fe9ee449f26be864af9316"},
]
pyopenssl = [
    {file = "pyOpenSSL-19.1.0-py2.py3-none-any.whl", hash = "sha256:621880965a720b8ece2f1b2f54ea2071966ab00e2970ad2ce11d596102063504"},
    {file = "pyOpenSSL-19.1.0.tar.gz", hash = "sha256:9a24494b2602aaf402be5c9e30a0b82d4a5c67528fe8fb475e3f3bc00dd69507"},
]
pyparsing = [
    {file = "pyparsing-2.4.7-py2.py3-none-any.whl", hash = "sha256:ef9d7589ef3c200abe66653d3f1ab1033c3c419ae9b9bdb1240a85b024efc88b"},
    {file = "pyparsing-2.4.7.tar.gz", hash = "sha256:c203ec8783bf771a155b207279b9bccb8dea02d8f0c9e5f8ead507bc3246ecc1"},
]
pytest = [
    {file = "pytest-5.4.3-py3-none-any.whl", hash = "sha256:5c0db86b698e8f170ba4582a492248919255fcd4c79b1ee64ace34301fb589a1"},
    {file = "pytest-5.4.3.tar.gz", hash = "sha256:7979331bfcba207414f5e1263b5a0f8f521d0f457318836a7355531ed1a4c7d8"},
]
pytest-datadir = [
    {file = "pytest-datadir-1.3.1.tar.gz", hash = "sha256:d3af1e738df87515ee509d6135780f25a15959766d9c2b2dbe02bf4fb979cb18"},
    {file = "pytest_datadir-1.3.1-py2.py3-none-any.whl", hash = "sha256:1847ed0efe0bc54cac40ab3fba6d651c2f03d18dd01f2a582979604d32e7621e"},
]
pytest-tools = []
python-dateutil = [
    {file = "python-dateutil-2.8.1.tar.gz", hash = "sha256:73ebfe9dbf22e832286dafa60473e4cd239f8592f699aa5adaf10050e6e1823c"},
    {file = "python_dateutil-2.8.1-py2.py3-none-any.whl", hash = "sha256:75bb3f31ea686f1197762692a9ee6a7550b59fc6ca3a1f4b5d7e32fb98e2da2a"},
]
python-redis-lock = [
    {file = "python-redis-lock-3.7.0.tar.gz", hash = "sha256:4265a476e39d476a8acf5c2766485c44c75f3a1bd6cf73bb195f3079153b8374"},
    {file = "python_redis_lock-3.7.0-py2.py3-none-any.whl", hash = "sha256:0101c9033bd38e2a7b99989e0c6111451c40551b08d19d281047bf6630337574"},
]
pytz = [
    {file = "pytz-2019.3-py2.py3-none-any.whl", hash = "sha256:1c557d7d0e871de1f5ccd5833f60fb2550652da6be2693c1e02300743d21500d"},
    {file = "pytz-2019.3.tar.gz", hash = "sha256:b02c06db6cf09c12dd25137e563b31700d3b80fcc4ad23abb7a315f2789819be"},
]
redis = [
    {file = "redis-3.5.3-py2.py3-none-any.whl", hash = "sha256:432b788c4530cfe16d8d943a09d40ca6c16149727e4afe8c2c9d5580c59d9f24"},
    {file = "redis-3.5.3.tar.gz", hash = "sha256:0e7e0cfca8660dea8b7d5cd8c4f6c5e29e11f31158c0b0ae91a397f00e5a05a2"},
]
redis-cache = [
    {file = "redis-cache-0.1.5.tar.gz", hash = "sha256:cd138557d61f3cc04c3cffabc114b0b1d5fef0349c0838aa19cc984e51c9a5d5"},
]
redis-simple-cache-py3 = [
    {file = "redis-simple-cache-py3-0.0.7.tar.gz", hash = "sha256:55de250abb6a76c16ce061349ebf8319419f868f6106fb581a94750b830af81e"},
    {file = "redis_simple_cache_py3-0.0.7-py3-none-any.whl", hash = "sha256:5351ea70a8105216a0bcdc11a12cf8f144ad4db51bb4bb68dd159bdc77669aef"},
]
redis-structures = [
    {file = "redis_structures-0.1.7.tar.gz", hash = "sha256:0771324fe348583ffdf7025e4034d8da939435e62bac3a1016216fb89b8e25ff"},
]
s3transfer = [
    {file = "s3transfer-0.3.4-py2.py3-none-any.whl", hash = "sha256:1e28620e5b444652ed752cf87c7e0cb15b0e578972568c6609f0f18212f259ed"},
    {file = "s3transfer-0.3.4.tar.gz", hash = "sha256:7fdddb4f22275cf1d32129e21f056337fd2a80b6ccef1664528145b72c49e6d2"},
]
singleton-py3 = [
    {file = "singleton-py3-0.2.1.tar.gz", hash = "sha256:b6abede18ab00da4101deaf0b107b00791ee2bf82cfc2b4ff0f1d16fad736d13"},
    {file = "singleton_py3-0.2.1-py3-none-any.whl", hash = "sha256:c60bf18acfcd29bed749ebcd677cb754f99a4eb1551b9bfc6426e6b27715bb1f"},
]
six = [
    {file = "six-1.15.0-py2.py3-none-any.whl", hash = "sha256:8b74bedcbbbaca38ff6d7491d76f2b06b3592611af620f8426e82dddb04a5ced"},
    {file = "six-1.15.0.tar.gz", hash = "sha256:30639c035cdb23534cd4aa2dd52c3bf48f06e5f4a941509c8bafd8ce11080259"},
]
typing-extensions = [
    {file = "typing_extensions-3.7.4.3-py2-none-any.whl", hash = "sha256:dafc7639cde7f1b6e1acc0f457842a83e722ccca8eef5270af2d74792619a89f"},
    {file = "typing_extensions-3.7.4.3-py3-none-any.whl", hash = "sha256:7cb407020f00f7bfc3cb3e7881628838e69d8f3fcab2f64742a5e76b2f841918"},
    {file = "typing_extensions-3.7.4.3.tar.gz", hash = "sha256:99d4073b617d30288f569d3f13d2bd7548c3a7e4c8de87db09a9d29bb3a4a60c"},
]
urllib3 = [
    {file = "urllib3-1.26.3-py2.py3-none-any.whl", hash = "sha256:1b465e494e3e0d8939b50680403e3aedaa2bc434b7d5af64dfd3c958d7f5ae80"},
    {file = "urllib3-1.26.3.tar.gz", hash = "sha256:de3eedaad74a2683334e282005cd8d7f22f4d55fa690a2a1020a416cb0a47e73"},
]
vital-tools = [
    {file = "vital-tools-0.1.13.tar.gz", hash = "sha256:72d0fbcc5a16e5c7b1971d7020ed4326144a9a34a37d69bbc2ddc945eaf9cc6d"},
]
wcwidth = [
    {file = "wcwidth-0.2.5-py2.py3-none-any.whl", hash = "sha256:beb4802a9cebb9144e99086eff703a642a13d6a0052920003a230f3294bbe784"},
    {file = "wcwidth-0.2.5.tar.gz", hash = "sha256:c4d647b99872929fdb7bdcaa4fbe7f01413ed3d98077df798530e5b04f116c83"},
]
zipp = [
    {file = "zipp-3.4.0-py3-none-any.whl", hash = "sha256:102c24ef8f171fd729d46599845e95c7ab894a4cf45f5de11a44cc7444fb1108"},
    {file = "zipp-3.4.0.tar.gz", hash = "sha256:ed5eee1974372595f9e416cc7bbeeb12335201d8081ca8a0743c954d4446e5cb"},
]
